// !$*UTF8*$!
{
	archiveVersion = 1;
	classes = {
	};
	objectVersion = 50;
	objects = {

/* Begin PBXBuildFile section */
		9C8689AC2346C6C300C0DF0E /* AppDelegate.swift in Sources */ = {isa = PBXBuildFile; fileRef = 9C8689AB2346C6C300C0DF0E /* AppDelegate.swift */; };
		9C8689AE2346C6C300C0DF0E /* SceneDelegate.swift in Sources */ = {isa = PBXBuildFile; fileRef = 9C8689AD2346C6C300C0DF0E /* SceneDelegate.swift */; };
		9C8689B02346C6C400C0DF0E /* ContentView.swift in Sources */ = {isa = PBXBuildFile; fileRef = 9C8689AF2346C6C400C0DF0E /* ContentView.swift */; };
		9C8689B22346C6C600C0DF0E /* Assets.xcassets in Resources */ = {isa = PBXBuildFile; fileRef = 9C8689B12346C6C600C0DF0E /* Assets.xcassets */; };
		9C8689B52346C6C600C0DF0E /* Preview Assets.xcassets in Resources */ = {isa = PBXBuildFile; fileRef = 9C8689B42346C6C600C0DF0E /* Preview Assets.xcassets */; };
		9C8689B82346C6C600C0DF0E /* LaunchScreen.storyboard in Resources */ = {isa = PBXBuildFile; fileRef = 9C8689B62346C6C600C0DF0E /* LaunchScreen.storyboard */; };
/* End PBXBuildFile section */

/* Begin PBXFileReference section */
		9C8689A82346C6C300C0DF0E /* native_ios_webview_camera.app */ = {isa = PBXFileReference; explicitFileType = wrapper.application; includeInIndex = 0; path = native_ios_webview_camera.app; sourceTree = BUILT_PRODUCTS_DIR; };
		9C8689AB2346C6C300C0DF0E /* AppDelegate.swift */ = {isa = PBXFileReference; lastKnownFileType = sourcecode.swift; path = AppDelegate.swift; sourceTree = "<group>"; };
		9C8689AD2346C6C300C0DF0E /* SceneDelegate.swift */ = {isa = PBXFileReference; lastKnownFileType = sourcecode.swift; path = SceneDelegate.swift; sourceTree = "<group>"; };
		9C8689AF2346C6C400C0DF0E /* ContentView.swift */ = {isa = PBXFileReference; lastKnownFileType = sourcecode.swift; path = ContentView.swift; sourceTree = "<group>"; };
		9C8689B12346C6C600C0DF0E /* Assets.xcassets */ = {isa = PBXFileReference; lastKnownFileType = folder.assetcatalog; path = Assets.xcassets; sourceTree = "<group>"; };
		9C8689B42346C6C600C0DF0E /* Preview Assets.xcassets */ = {isa = PBXFileReference; lastKnownFileType = folder.assetcatalog; path = "Preview Assets.xcassets"; sourceTree = "<group>"; };
		9C8689B72346C6C600C0DF0E /* Base */ = {isa = PBXFileReference; lastKnownFileType = file.storyboard; name = Base; path = Base.lproj/LaunchScreen.storyboard; sourceTree = "<group>"; };
		9C8689B92346C6C600C0DF0E /* Info.plist */ = {isa = PBXFileReference; lastKnownFileType = text.plist.xml; path = Info.plist; sourceTree = "<group>"; };
/* End PBXFileReference section */

/* Begin PBXFrameworksBuildPhase section */
		9C8689A52346C6C300C0DF0E /* Frameworks */ = {
			isa = PBXFrameworksBuildPhase;
			buildActionMask = 2147483647;
			files = (
			);
			runOnlyForDeploymentPostprocessing = 0;
		};
/* End PBXFrameworksBuildPhase section */

/* Begin PBXGroup section */
		9C86899F2346C6C300C0DF0E = {
			isa = PBXGroup;
			children = (
				9C8689AA2346C6C300C0DF0E /* native_ios_webview_camera */,
				9C8689A92346C6C300C0DF0E /* Products */,
			);
			sourceTree = "<group>";
		};
		9C8689A92346C6C300C0DF0E /* Products */ = {
			isa = PBXGroup;
			children = (
				9C8689A82346C6C300C0DF0E /* native_ios_webview_camera.app */,
			);
			name = Products;
			sourceTree = "<group>";
		};
		9C8689AA2346C6C300C0DF0E /* native_ios_webview_camera */ = {
			isa = PBXGroup;
			children = (
				9C8689AB2346C6C300C0DF0E /* AppDelegate.swift */,
				9C8689AD2346C6C300C0DF0E /* SceneDelegate.swift */,
				9C8689AF2346C6C400C0DF0E /* ContentView.swift */,
				9C8689B12346C6C600C0DF0E /* Assets.xcassets */,
				9C8689B62346C6C600C0DF0E /* LaunchScreen.storyboard */,
				9C8689B92346C6C600C0DF0E /* Info.plist */,
				9C8689B32346C6C600C0DF0E /* Preview Content */,
			);
			path = native_ios_webview_camera;
			sourceTree = "<group>";
		};
		9C8689B32346C6C600C0DF0E /* Preview Content */ = {
			isa = PBXGroup;
			children = (
				9C8689B42346C6C600C0DF0E /* Preview Assets.xcassets */,
			);
			path = "Preview Content";
			sourceTree = "<group>";
		};
/* End PBXGroup section */

/* Begin PBXNativeTarget section */
		9C8689A72346C6C300C0DF0E /* native_ios_webview_camera */ = {
			isa = PBXNativeTarget;
			buildConfigurationList = 9C8689BC2346C6C600C0DF0E /* Build configuration list for PBXNativeTarget "native_ios_webview_camera" */;
			buildPhases = (
				9C8689A42346C6C300C0DF0E /* Sources */,
				9C8689A52346C6C300C0DF0E /* Frameworks */,
				9C8689A62346C6C300C0DF0E /* Resources */,
			);
			buildRules = (
			);
			dependencies = (
			);
			name = native_ios_webview_camera;
			productName = native_ios_webview_camera;
			productReference = 9C8689A82346C6C300C0DF0E /* native_ios_webview_camera.app */;
			productType = "com.apple.product-type.application";
		};
/* End PBXNativeTarget section */

/* Begin PBXProject section */
		9C8689A02346C6C300C0DF0E /* Project object */ = {
			isa = PBXProject;
			attributes = {
				LastSwiftUpdateCheck = 1100;
				LastUpgradeCheck = 1100;
				ORGANIZATIONNAME = totetero;
				TargetAttributes = {
					9C8689A72346C6C300C0DF0E = {
						CreatedOnToolsVersion = 11.0;
					};
				};
			};
			buildConfigurationList = 9C8689A32346C6C300C0DF0E /* Build configuration list for PBXProject "native_ios_webview_camera" */;
			compatibilityVersion = "Xcode 9.3";
			developmentRegion = en;
			hasScannedForEncodings = 0;
			knownRegions = (
				en,
				Base,
			);
			mainGroup = 9C86899F2346C6C300C0DF0E;
			productRefGroup = 9C8689A92346C6C300C0DF0E /* Products */;
			projectDirPath = "";
			projectRoot = "";
			targets = (
				9C8689A72346C6C300C0DF0E /* native_ios_webview_camera */,
			);
		};
/* End PBXProject section */

/* Begin PBXResourcesBuildPhase section */
		9C8689A62346C6C300C0DF0E /* Resources */ = {
			isa = PBXResourcesBuildPhase;
			buildActionMask = 2147483647;
			files = (
				9C8689B82346C6C600C0DF0E /* LaunchScreen.storyboard in Resources */,
				9C8689B52346C6C600C0DF0E /* Preview Assets.xcassets in Resources */,
				9C8689B22346C6C600C0DF0E /* Assets.xcassets in Resources */,
			);
			runOnlyForDeploymentPostprocessing = 0;
		};
/* End PBXResourcesBuildPhase section */

/* Begin PBXSourcesBuildPhase section */
		9C8689A42346C6C300C0DF0E /* Sources */ = {
			isa = PBXSourcesBuildPhase;
			buildActionMask = 2147483647;
			files = (
				9C8689AC2346C6C300C0DF0E /* AppDelegate.swift in Sources */,
				9C8689AE2346C6C300C0DF0E /* SceneDelegate.swift in Sources */,
				9C8689B02346C6C400C0DF0E /* ContentView.swift in Sources */,
			);
			runOnlyForDeploymentPostprocessing = 0;
		};
/* End PBXSourcesBuildPhase section */

/* Begin PBXVariantGroup section */
		9C8689B62346C6C600C0DF0E /* LaunchScreen.storyboard */ = {
			isa = PBXVariantGroup;
			children = (
				9C8689B72346C6C600C0DF0E /* Base */,
			);
			name = LaunchScreen.storyboard;
			sourceTree = "<group>";
		};
/* End PBXVariantGroup section */

/* Begin XCBuildConfiguration section */
		9C8689BA2346C6C600C0DF0E /* Debug */ = {
			isa = XCBuildConfiguration;
			buildSettings = {
				ALWAYS_SEARCH_USER_PATHS = NO;
				CLANG_ANALYZER_NONNULL = YES;
				CLANG_ANALYZER_NUMBER_OBJECT_CONVERSION = YES_AGGRESSIVE;
				CLANG_CXX_LANGUAGE_STANDARD = "gnu++14";
				CLANG_CXX_LIBRARY = "libc++";
				CLANG_ENABLE_MODULES = YES;
				CLANG_ENABLE_OBJC_ARC = YES;
				CLANG_ENABLE_OBJC_WEAK = YES;
				CLANG_WARN_BLOCK_CAPTURE_AUTORELEASING = YES;
				CLANG_WARN_BOOL_CONVERSION = YES;
				CLANG_WARN_COMMA = YES;
				CLANG_WARN_CONSTANT_CONVERSION = YES;
				CLANG_WARN_DEPRECATED_OBJC_IMPLEMENTATIONS = YES;
				CLANG_WARN_DIRECT_OBJC_ISA_USAGE = YES_ERROR;
				CLANG_WARN_DOCUMENTATION_COMMENTS = YES;
				CLANG_WARN_EMPTY_BODY = YES;
				CLANG_WARN_ENUM_CONVERSION = YES;
				CLANG_WARN_INFINITE_RECURSION = YES;
				CLANG_WARN_INT_CONVERSION = YES;
				CLANG_WARN_NON_LITERAL_NULL_CONVERSION = YES;
				CLANG_WARN_OBJC_IMPLICIT_RETAIN_SELF = YES;
				CLANG_WARN_OBJC_LITERAL_CONVERSION = YES;
				CLANG_WARN_OBJC_ROOT_CLASS = YES_ERROR;
				CLANG_WARN_RANGE_LOOP_ANALYSIS = YES;
				CLANG_WARN_STRICT_PROTOTYPES = YES;
				CLANG_WARN_SUSPICIOUS_MOVE = YES;
				CLANG_WARN_UNGUARDED_AVAILABILITY = YES_AGGRESSIVE;
				CLANG_WARN_UNREACHABLE_CODE = YES;
				CLANG_WARN__DUPLICATE_METHOD_MATCH = YES;
				COPY_PHASE_STRIP = NO;
				DEBUG_INFORMATION_FORMAT = dwarf;
				ENABLE_STRICT_OBJC_MSGSEND = YES;
				ENABLE_TESTABILITY = YES;
				GCC_C_LANGUAGE_STANDARD = gnu11;
				GCC_DYNAMIC_NO_PIC = NO;
				GCC_NO_COMMON_BLOCKS = YES;
				GCC_OPTIMIZATION_LEVEL = 0;
				GCC_PREPROCESSOR_DEFINITIONS = (
					"DEBUG=1",
					"$(inherited)",
				);
				GCC_WARN_64_TO_32_BIT_CONVERSION = YES;
				GCC_WARN_ABOUT_RETURN_TYPE = YES_ERROR;
				GCC_WARN_UNDECLARED_SELECTOR = YES;
				GCC_WARN_UNINITIALIZED_AUTOS = YES_AGGRESSIVE;
				GCC_WARN_UNUSED_FUNCTION = YES;
				GCC_WARN_UNUSED_VARIABLE = YES;
				IPHONEOS_DEPLOYMENT_TARGET = 13.0;
				MTL_ENABLE_DEBUG_INFO = INCLUDE_SOURCE;
				MTL_FAST_MATH = YES;
				ONLY_ACTIVE_ARCH = YES;
				SDKROOT = iphoneos;
				SWIFT_ACTIVE_COMPILATION_CONDITIONS = DEBUG;
				SWIFT_OPTIMIZATION_LEVEL = "-Onone";
			};
			name = Debug;
		};
		9C8689BB2346C6C600C0DF0E /* Release */ = {
			isa = XCBuildConfiguration;
			buildSettings = {
				ALWAYS_SEARCH_USER_PATHS = NO;
				CLANG_ANALYZER_NONNULL = YES;
				CLANG_ANALYZER_NUMBER_OBJECT_CONVERSION = YES_AGGRESSIVE;
				CLANG_CXX_LANGUAGE_STANDARD = "gnu++14";
				CLANG_CXX_LIBRARY = "libc++";
				CLANG_ENABLE_MODULES = YES;
				CLANG_ENABLE_OBJC_ARC = YES;
				CLANG_ENABLE_OBJC_WEAK = YES;
				CLANG_WARN_BLOCK_CAPTURE_AUTORELEASING = YES;
				CLANG_WARN_BOOL_CONVERSION = YES;
				CLANG_WARN_COMMA = YES;
				CLANG_WARN_CONSTANT_CONVERSION = YES;
				CLANG_WARN_DEPRECATED_OBJC_IMPLEMENTATIONS = YES;
				CLANG_WARN_DIRECT_OBJC_ISA_USAGE = YES_ERROR;
				CLANG_WARN_DOCUMENTATION_COMMENTS = YES;
				CLANG_WARN_EMPTY_BODY = YES;
				CLANG_WARN_ENUM_CONVERSION = YES;
				CLANG_WARN_INFINITE_RECURSION = YES;
				CLANG_WARN_INT_CONVERSION = YES;
				CLANG_WARN_NON_LITERAL_NULL_CONVERSION = YES;
				CLANG_WARN_OBJC_IMPLICIT_RETAIN_SELF = YES;
				CLANG_WARN_OBJC_LITERAL_CONVERSION = YES;
				CLANG_WARN_OBJC_ROOT_CLASS = YES_ERROR;
				CLANG_WARN_RANGE_LOOP_ANALYSIS = YES;
				CLANG_WARN_STRICT_PROTOTYPES = YES;
				CLANG_WARN_SUSPICIOUS_MOVE = YES;
				CLANG_WARN_UNGUARDED_AVAILABILITY = YES_AGGRESSIVE;
				CLANG_WARN_UNREACHABLE_CODE = YES;
				CLANG_WARN__DUPLICATE_METHOD_MATCH = YES;
				COPY_PHASE_STRIP = NO;
				DEBUG_INFORMATION_FORMAT = "dwarf-with-dsym";
				ENABLE_NS_ASSERTIONS = NO;
				ENABLE_STRICT_OBJC_MSGSEND = YES;
				GCC_C_LANGUAGE_STANDARD = gnu11;
				GCC_NO_COMMON_BLOCKS = YES;
				GCC_WARN_64_TO_32_BIT_CONVERSION = YES;
				GCC_WARN_ABOUT_RETURN_TYPE = YES_ERROR;
				GCC_WARN_UNDECLARED_SELECTOR = YES;
				GCC_WARN_UNINITIALIZED_AUTOS = YES_AGGRESSIVE;
				GCC_WARN_UNUSED_FUNCTION = YES;
				GCC_WARN_UNUSED_VARIABLE = YES;
				IPHONEOS_DEPLOYMENT_TARGET = 13.0;
				MTL_ENABLE_DEBUG_INFO = NO;
				MTL_FAST_MATH = YES;
				SDKROOT = iphoneos;
				SWIFT_COMPILATION_MODE = wholemodule;
				SWIFT_OPTIMIZATION_LEVEL = "-O";
				VALIDATE_PRODUCT = YES;
			};
			name = Release;
		};
		9C8689BD2346C6C600C0DF0E /* Debug */ = {
			isa = XCBuildConfiguration;
			buildSettings = {
				ASSETCATALOG_COMPILER_APPICON_NAME = AppIcon;
				CODE_SIGN_STYLE = Automatic;
				DEVELOPMENT_ASSET_PATHS = "\"native_ios_webview_camera/Preview Content\"";
				ENABLE_PREVIEWS = YES;
				INFOPLIST_FILE = native_ios_webview_camera/Info.plist;
				LD_RUNPATH_SEARCH_PATHS = (
					"$(inherited)",
					"@executable_path/Frameworks",
				);
				PRODUCT_BUNDLE_IDENTIFIER = "com.totetero.test.native-ios-webview-camera";
				PRODUCT_NAME = "$(TARGET_NAME)";
				SWIFT_VERSION = 5.0;
				TARGETED_DEVICE_FAMILY = "1,2";
			};
			name = Debug;
		};
		9C8689BE2346C6C600C0DF0E /* Release */ = {
			isa = XCBuildConfiguration;
			buildSettings = {
				ASSETCATALOG_COMPILER_APPICON_NAME = AppIcon;
				CODE_SIGN_STYLE = Automatic;
				DEVELOPMENT_ASSET_PATHS = "\"native_ios_webview_camera/Preview Content\"";
				ENABLE_PREVIEWS = YES;
				INFOPLIST_FILE = native_ios_webview_camera/Info.plist;
				LD_RUNPATH_SEARCH_PATHS = (
					"$(inherited)",
					"@executable_path/Frameworks",
				);
				PRODUCT_BUNDLE_IDENTIFIER = "com.totetero.test.native-ios-webview-camera";
				PRODUCT_NAME = "$(TARGET_NAME)";
				SWIFT_VERSION = 5.0;
				TARGETED_DEVICE_FAMILY = "1,2";
			};
			name = Release;
		};
/* End XCBuildConfiguration section */

/* Begin XCConfigurationList section */
		9C8689A32346C6C300C0DF0E /* Build configuration list for PBXProject "native_ios_webview_camera" */ = {
			isa = XCConfigurationList;
			buildConfigurations = (
				9C8689BA2346C6C600C0DF0E /* Debug */,
				9C8689BB2346C6C600C0DF0E /* Release */,
			);
			defaultConfigurationIsVisible = 0;
			defaultConfigurationName = Release;
		};
		9C8689BC2346C6C600C0DF0E /* Build configuration list for PBXNativeTarget "native_ios_webview_camera" */ = {
			isa = XCConfigurationList;
			buildConfigurations = (
				9C8689BD2346C6C600C0DF0E /* Debug */,
				9C8689BE2346C6C600C0DF0E /* Release */,
			);
			defaultConfigurationIsVisible = 0;
			defaultConfigurationName = Release;
		};
/* End XCConfigurationList section */
	};
	rootObject = 9C8689A02346C6C300C0DF0E /* Project object */;
}
